// !$*UTF8*$!
{
	archiveVersion = 1;
	classes = {
	};
	objectVersion = 50;
	objects = {

/* Begin PBXBuildFile section */
		7CC2EAD9241E189D009B7B49 /* AppDelegate.swift in Sources */ = {isa = PBXBuildFile; fileRef = 7CC2EAD8241E189D009B7B49 /* AppDelegate.swift */; };
		7CC2EADB241E189D009B7B49 /* SceneDelegate.swift in Sources */ = {isa = PBXBuildFile; fileRef = 7CC2EADA241E189D009B7B49 /* SceneDelegate.swift */; };
		7CC2EADD241E189D009B7B49 /* ContentView.swift in Sources */ = {isa = PBXBuildFile; fileRef = 7CC2EADC241E189D009B7B49 /* ContentView.swift */; };
		7CC2EADF241E189F009B7B49 /* Assets.xcassets in Resources */ = {isa = PBXBuildFile; fileRef = 7CC2EADE241E189F009B7B49 /* Assets.xcassets */; };
		7CC2EAE2241E189F009B7B49 /* Preview Assets.xcassets in Resources */ = {isa = PBXBuildFile; fileRef = 7CC2EAE1241E189F009B7B49 /* Preview Assets.xcassets */; };
		7CC2EAE5241E189F009B7B49 /* LaunchScreen.storyboard in Resources */ = {isa = PBXBuildFile; fileRef = 7CC2EAE3241E189F009B7B49 /* LaunchScreen.storyboard */; };
		7CC2EAF0241E189F009B7B49 /* ApolloMobileTests.swift in Sources */ = {isa = PBXBuildFile; fileRef = 7CC2EAEF241E189F009B7B49 /* ApolloMobileTests.swift */; };
		7CC2EAFB241E189F009B7B49 /* ApolloMobileUITests.swift in Sources */ = {isa = PBXBuildFile; fileRef = 7CC2EAFA241E189F009B7B49 /* ApolloMobileUITests.swift */; };
/* End PBXBuildFile section */

/* Begin PBXContainerItemProxy section */
		7CC2EAEC241E189F009B7B49 /* PBXContainerItemProxy */ = {
			isa = PBXContainerItemProxy;
			containerPortal = 7CC2EACD241E189D009B7B49 /* Project object */;
			proxyType = 1;
			remoteGlobalIDString = 7CC2EAD4241E189D009B7B49;
			remoteInfo = ApolloMobile;
		};
		7CC2EAF7241E189F009B7B49 /* PBXContainerItemProxy */ = {
			isa = PBXContainerItemProxy;
			containerPortal = 7CC2EACD241E189D009B7B49 /* Project object */;
			proxyType = 1;
			remoteGlobalIDString = 7CC2EAD4241E189D009B7B49;
			remoteInfo = ApolloMobile;
		};
/* End PBXContainerItemProxy section */

/* Begin PBXFileReference section */
		7CC2EAD5241E189D009B7B49 /* ApolloMobile.app */ = {isa = PBXFileReference; explicitFileType = wrapper.application; includeInIndex = 0; path = ApolloMobile.app; sourceTree = BUILT_PRODUCTS_DIR; };
		7CC2EAD8241E189D009B7B49 /* AppDelegate.swift */ = {isa = PBXFileReference; lastKnownFileType = sourcecode.swift; path = AppDelegate.swift; sourceTree = "<group>"; };
		7CC2EADA241E189D009B7B49 /* SceneDelegate.swift */ = {isa = PBXFileReference; lastKnownFileType = sourcecode.swift; path = SceneDelegate.swift; sourceTree = "<group>"; };
		7CC2EADC241E189D009B7B49 /* ContentView.swift */ = {isa = PBXFileReference; lastKnownFileType = sourcecode.swift; path = ContentView.swift; sourceTree = "<group>"; };
		7CC2EADE241E189F009B7B49 /* Assets.xcassets */ = {isa = PBXFileReference; lastKnownFileType = folder.assetcatalog; path = Assets.xcassets; sourceTree = "<group>"; };
		7CC2EAE1241E189F009B7B49 /* Preview Assets.xcassets */ = {isa = PBXFileReference; lastKnownFileType = folder.assetcatalog; path = "Preview Assets.xcassets"; sourceTree = "<group>"; };
		7CC2EAE4241E189F009B7B49 /* Base */ = {isa = PBXFileReference; lastKnownFileType = file.storyboard; name = Base; path = Base.lproj/LaunchScreen.storyboard; sourceTree = "<group>"; };
		7CC2EAE6241E189F009B7B49 /* Info.plist */ = {isa = PBXFileReference; lastKnownFileType = text.plist.xml; path = Info.plist; sourceTree = "<group>"; };
		7CC2EAEB241E189F009B7B49 /* ApolloMobileTests.xctest */ = {isa = PBXFileReference; explicitFileType = wrapper.cfbundle; includeInIndex = 0; path = ApolloMobileTests.xctest; sourceTree = BUILT_PRODUCTS_DIR; };
		7CC2EAEF241E189F009B7B49 /* ApolloMobileTests.swift */ = {isa = PBXFileReference; lastKnownFileType = sourcecode.swift; path = ApolloMobileTests.swift; sourceTree = "<group>"; };
		7CC2EAF1241E189F009B7B49 /* Info.plist */ = {isa = PBXFileReference; lastKnownFileType = text.plist.xml; path = Info.plist; sourceTree = "<group>"; };
		7CC2EAF6241E189F009B7B49 /* ApolloMobileUITests.xctest */ = {isa = PBXFileReference; explicitFileType = wrapper.cfbundle; includeInIndex = 0; path = ApolloMobileUITests.xctest; sourceTree = BUILT_PRODUCTS_DIR; };
		7CC2EAFA241E189F009B7B49 /* ApolloMobileUITests.swift */ = {isa = PBXFileReference; lastKnownFileType = sourcecode.swift; path = ApolloMobileUITests.swift; sourceTree = "<group>"; };
		7CC2EAFC241E189F009B7B49 /* Info.plist */ = {isa = PBXFileReference; lastKnownFileType = text.plist.xml; path = Info.plist; sourceTree = "<group>"; };
/* End PBXFileReference section */

/* Begin PBXFrameworksBuildPhase section */
		7CC2EAD2241E189D009B7B49 /* Frameworks */ = {
			isa = PBXFrameworksBuildPhase;
			buildActionMask = 2147483647;
			files = (
			);
			runOnlyForDeploymentPostprocessing = 0;
		};
		7CC2EAE8241E189F009B7B49 /* Frameworks */ = {
			isa = PBXFrameworksBuildPhase;
			buildActionMask = 2147483647;
			files = (
			);
			runOnlyForDeploymentPostprocessing = 0;
		};
		7CC2EAF3241E189F009B7B49 /* Frameworks */ = {
			isa = PBXFrameworksBuildPhase;
			buildActionMask = 2147483647;
			files = (
			);
			runOnlyForDeploymentPostprocessing = 0;
		};
/* End PBXFrameworksBuildPhase section */

/* Begin PBXGroup section */
		7CC2EACC241E189D009B7B49 = {
			isa = PBXGroup;
			children = (
				7CC2EAD7241E189D009B7B49 /* ApolloMobile */,
				7CC2EAEE241E189F009B7B49 /* ApolloMobileTests */,
				7CC2EAF9241E189F009B7B49 /* ApolloMobileUITests */,
				7CC2EAD6241E189D009B7B49 /* Products */,
			);
			sourceTree = "<group>";
		};
		7CC2EAD6241E189D009B7B49 /* Products */ = {
			isa = PBXGroup;
			children = (
				7CC2EAD5241E189D009B7B49 /* ApolloMobile.app */,
				7CC2EAEB241E189F009B7B49 /* ApolloMobileTests.xctest */,
				7CC2EAF6241E189F009B7B49 /* ApolloMobileUITests.xctest */,
			);
			name = Products;
			sourceTree = "<group>";
		};
		7CC2EAD7241E189D009B7B49 /* ApolloMobile */ = {
			isa = PBXGroup;
			children = (
				7CC2EAD8241E189D009B7B49 /* AppDelegate.swift */,
				7CC2EADA241E189D009B7B49 /* SceneDelegate.swift */,
				7CC2EADC241E189D009B7B49 /* ContentView.swift */,
				7CC2EADE241E189F009B7B49 /* Assets.xcassets */,
				7CC2EAE3241E189F009B7B49 /* LaunchScreen.storyboard */,
				7CC2EAE6241E189F009B7B49 /* Info.plist */,
				7CC2EAE0241E189F009B7B49 /* Preview Content */,
			);
			path = ApolloMobile;
			sourceTree = "<group>";
		};
		7CC2EAE0241E189F009B7B49 /* Preview Content */ = {
			isa = PBXGroup;
			children = (
				7CC2EAE1241E189F009B7B49 /* Preview Assets.xcassets */,
			);
			path = "Preview Content";
			sourceTree = "<group>";
		};
		7CC2EAEE241E189F009B7B49 /* ApolloMobileTests */ = {
			isa = PBXGroup;
			children = (
				7CC2EAEF241E189F009B7B49 /* ApolloMobileTests.swift */,
				7CC2EAF1241E189F009B7B49 /* Info.plist */,
			);
			path = ApolloMobileTests;
			sourceTree = "<group>";
		};
		7CC2EAF9241E189F009B7B49 /* ApolloMobileUITests */ = {
			isa = PBXGroup;
			children = (
				7CC2EAFA241E189F009B7B49 /* ApolloMobileUITests.swift */,
				7CC2EAFC241E189F009B7B49 /* Info.plist */,
			);
			path = ApolloMobileUITests;
			sourceTree = "<group>";
		};
/* End PBXGroup section */

/* Begin PBXNativeTarget section */
		7CC2EAD4241E189D009B7B49 /* ApolloMobile */ = {
			isa = PBXNativeTarget;
			buildConfigurationList = 7CC2EAFF241E189F009B7B49 /* Build configuration list for PBXNativeTarget "ApolloMobile" */;
			buildPhases = (
				7CC2EAD1241E189D009B7B49 /* Sources */,
				7CC2EAD2241E189D009B7B49 /* Frameworks */,
				7CC2EAD3241E189D009B7B49 /* Resources */,
			);
			buildRules = (
			);
			dependencies = (
			);
			name = ApolloMobile;
			productName = ApolloMobile;
			productReference = 7CC2EAD5241E189D009B7B49 /* ApolloMobile.app */;
			productType = "com.apple.product-type.application";
		};
		7CC2EAEA241E189F009B7B49 /* ApolloMobileTests */ = {
			isa = PBXNativeTarget;
			buildConfigurationList = 7CC2EB02241E189F009B7B49 /* Build configuration list for PBXNativeTarget "ApolloMobileTests" */;
			buildPhases = (
				7CC2EAE7241E189F009B7B49 /* Sources */,
				7CC2EAE8241E189F009B7B49 /* Frameworks */,
				7CC2EAE9241E189F009B7B49 /* Resources */,
			);
			buildRules = (
			);
			dependencies = (
				7CC2EAED241E189F009B7B49 /* PBXTargetDependency */,
			);
			name = ApolloMobileTests;
			productName = ApolloMobileTests;
			productReference = 7CC2EAEB241E189F009B7B49 /* ApolloMobileTests.xctest */;
			productType = "com.apple.product-type.bundle.unit-test";
		};
		7CC2EAF5241E189F009B7B49 /* ApolloMobileUITests */ = {
			isa = PBXNativeTarget;
			buildConfigurationList = 7CC2EB05241E189F009B7B49 /* Build configuration list for PBXNativeTarget "ApolloMobileUITests" */;
			buildPhases = (
				7CC2EAF2241E189F009B7B49 /* Sources */,
				7CC2EAF3241E189F009B7B49 /* Frameworks */,
				7CC2EAF4241E189F009B7B49 /* Resources */,
			);
			buildRules = (
			);
			dependencies = (
				7CC2EAF8241E189F009B7B49 /* PBXTargetDependency */,
			);
			name = ApolloMobileUITests;
			productName = ApolloMobileUITests;
			productReference = 7CC2EAF6241E189F009B7B49 /* ApolloMobileUITests.xctest */;
			productType = "com.apple.product-type.bundle.ui-testing";
		};
/* End PBXNativeTarget section */

/* Begin PBXProject section */
		7CC2EACD241E189D009B7B49 /* Project object */ = {
			isa = PBXProject;
			attributes = {
				LastSwiftUpdateCheck = 1130;
				LastUpgradeCheck = 1130;
				ORGANIZATIONNAME = Neo;
				TargetAttributes = {
					7CC2EAD4241E189D009B7B49 = {
						CreatedOnToolsVersion = 11.3.1;
					};
					7CC2EAEA241E189F009B7B49 = {
						CreatedOnToolsVersion = 11.3.1;
						TestTargetID = 7CC2EAD4241E189D009B7B49;
					};
					7CC2EAF5241E189F009B7B49 = {
						CreatedOnToolsVersion = 11.3.1;
						TestTargetID = 7CC2EAD4241E189D009B7B49;
					};
				};
			};
			buildConfigurationList = 7CC2EAD0241E189D009B7B49 /* Build configuration list for PBXProject "ApolloMobile" */;
			compatibilityVersion = "Xcode 9.3";
			developmentRegion = en;
			hasScannedForEncodings = 0;
			knownRegions = (
				en,
				Base,
			);
			mainGroup = 7CC2EACC241E189D009B7B49;
			productRefGroup = 7CC2EAD6241E189D009B7B49 /* Products */;
			projectDirPath = "";
			projectRoot = "";
			targets = (
				7CC2EAD4241E189D009B7B49 /* ApolloMobile */,
				7CC2EAEA241E189F009B7B49 /* ApolloMobileTests */,
				7CC2EAF5241E189F009B7B49 /* ApolloMobileUITests */,
			);
		};
/* End PBXProject section */

/* Begin PBXResourcesBuildPhase section */
		7CC2EAD3241E189D009B7B49 /* Resources */ = {
			isa = PBXResourcesBuildPhase;
			buildActionMask = 2147483647;
			files = (
				7CC2EAE5241E189F009B7B49 /* LaunchScreen.storyboard in Resources */,
				7CC2EAE2241E189F009B7B49 /* Preview Assets.xcassets in Resources */,
				7CC2EADF241E189F009B7B49 /* Assets.xcassets in Resources */,
			);
			runOnlyForDeploymentPostprocessing = 0;
		};
		7CC2EAE9241E189F009B7B49 /* Resources */ = {
			isa = PBXResourcesBuildPhase;
			buildActionMask = 2147483647;
			files = (
			);
			runOnlyForDeploymentPostprocessing = 0;
		};
		7CC2EAF4241E189F009B7B49 /* Resources */ = {
			isa = PBXResourcesBuildPhase;
			buildActionMask = 2147483647;
			files = (
			);
			runOnlyForDeploymentPostprocessing = 0;
		};
/* End PBXResourcesBuildPhase section */

/* Begin PBXSourcesBuildPhase section */
		7CC2EAD1241E189D009B7B49 /* Sources */ = {
			isa = PBXSourcesBuildPhase;
			buildActionMask = 2147483647;
			files = (
				7CC2EAD9241E189D009B7B49 /* AppDelegate.swift in Sources */,
				7CC2EADB241E189D009B7B49 /* SceneDelegate.swift in Sources */,
				7CC2EADD241E189D009B7B49 /* ContentView.swift in Sources */,
			);
			runOnlyForDeploymentPostprocessing = 0;
		};
		7CC2EAE7241E189F009B7B49 /* Sources */ = {
			isa = PBXSourcesBuildPhase;
			buildActionMask = 2147483647;
			files = (
				7CC2EAF0241E189F009B7B49 /* ApolloMobileTests.swift in Sources */,
			);
			runOnlyForDeploymentPostprocessing = 0;
		};
		7CC2EAF2241E189F009B7B49 /* Sources */ = {
			isa = PBXSourcesBuildPhase;
			buildActionMask = 2147483647;
			files = (
				7CC2EAFB241E189F009B7B49 /* ApolloMobileUITests.swift in Sources */,
			);
			runOnlyForDeploymentPostprocessing = 0;
		};
/* End PBXSourcesBuildPhase section */

/* Begin PBXTargetDependency section */
		7CC2EAED241E189F009B7B49 /* PBXTargetDependency */ = {
			isa = PBXTargetDependency;
			target = 7CC2EAD4241E189D009B7B49 /* ApolloMobile */;
			targetProxy = 7CC2EAEC241E189F009B7B49 /* PBXContainerItemProxy */;
		};
		7CC2EAF8241E189F009B7B49 /* PBXTargetDependency */ = {
			isa = PBXTargetDependency;
			target = 7CC2EAD4241E189D009B7B49 /* ApolloMobile */;
			targetProxy = 7CC2EAF7241E189F009B7B49 /* PBXContainerItemProxy */;
		};
/* End PBXTargetDependency section */

/* Begin PBXVariantGroup section */
		7CC2EAE3241E189F009B7B49 /* LaunchScreen.storyboard */ = {
			isa = PBXVariantGroup;
			children = (
				7CC2EAE4241E189F009B7B49 /* Base */,
			);
			name = LaunchScreen.storyboard;
			sourceTree = "<group>";
		};
/* End PBXVariantGroup section */

/* Begin XCBuildConfiguration section */
		7CC2EAFD241E189F009B7B49 /* Debug */ = {
			isa = XCBuildConfiguration;
			buildSettings = {
				ALWAYS_SEARCH_USER_PATHS = NO;
				CLANG_ANALYZER_NONNULL = YES;
				CLANG_ANALYZER_NUMBER_OBJECT_CONVERSION = YES_AGGRESSIVE;
				CLANG_CXX_LANGUAGE_STANDARD = "gnu++14";
				CLANG_CXX_LIBRARY = "libc++";
				CLANG_ENABLE_MODULES = YES;
				CLANG_ENABLE_OBJC_ARC = YES;
				CLANG_ENABLE_OBJC_WEAK = YES;
				CLANG_WARN_BLOCK_CAPTURE_AUTORELEASING = YES;
				CLANG_WARN_BOOL_CONVERSION = YES;
				CLANG_WARN_COMMA = YES;
				CLANG_WARN_CONSTANT_CONVERSION = YES;
				CLANG_WARN_DEPRECATED_OBJC_IMPLEMENTATIONS = YES;
				CLANG_WARN_DIRECT_OBJC_ISA_USAGE = YES_ERROR;
				CLANG_WARN_DOCUMENTATION_COMMENTS = YES;
				CLANG_WARN_EMPTY_BODY = YES;
				CLANG_WARN_ENUM_CONVERSION = YES;
				CLANG_WARN_INFINITE_RECURSION = YES;
				CLANG_WARN_INT_CONVERSION = YES;
				CLANG_WARN_NON_LITERAL_NULL_CONVERSION = YES;
				CLANG_WARN_OBJC_IMPLICIT_RETAIN_SELF = YES;
				CLANG_WARN_OBJC_LITERAL_CONVERSION = YES;
				CLANG_WARN_OBJC_ROOT_CLASS = YES_ERROR;
				CLANG_WARN_RANGE_LOOP_ANALYSIS = YES;
				CLANG_WARN_STRICT_PROTOTYPES = YES;
				CLANG_WARN_SUSPICIOUS_MOVE = YES;
				CLANG_WARN_UNGUARDED_AVAILABILITY = YES_AGGRESSIVE;
				CLANG_WARN_UNREACHABLE_CODE = YES;
				CLANG_WARN__DUPLICATE_METHOD_MATCH = YES;
				COPY_PHASE_STRIP = NO;
				DEBUG_INFORMATION_FORMAT = dwarf;
				ENABLE_STRICT_OBJC_MSGSEND = YES;
				ENABLE_TESTABILITY = YES;
				GCC_C_LANGUAGE_STANDARD = gnu11;
				GCC_DYNAMIC_NO_PIC = NO;
				GCC_NO_COMMON_BLOCKS = YES;
				GCC_OPTIMIZATION_LEVEL = 0;
				GCC_PREPROCESSOR_DEFINITIONS = (
					"DEBUG=1",
					"$(inherited)",
				);
				GCC_WARN_64_TO_32_BIT_CONVERSION = YES;
				GCC_WARN_ABOUT_RETURN_TYPE = YES_ERROR;
				GCC_WARN_UNDECLARED_SELECTOR = YES;
				GCC_WARN_UNINITIALIZED_AUTOS = YES_AGGRESSIVE;
				GCC_WARN_UNUSED_FUNCTION = YES;
				GCC_WARN_UNUSED_VARIABLE = YES;
				IPHONEOS_DEPLOYMENT_TARGET = 13.2;
				MTL_ENABLE_DEBUG_INFO = INCLUDE_SOURCE;
				MTL_FAST_MATH = YES;
				ONLY_ACTIVE_ARCH = YES;
				SDKROOT = iphoneos;
				SWIFT_ACTIVE_COMPILATION_CONDITIONS = DEBUG;
				SWIFT_OPTIMIZATION_LEVEL = "-Onone";
			};
			name = Debug;
		};
		7CC2EAFE241E189F009B7B49 /* Release */ = {
			isa = XCBuildConfiguration;
			buildSettings = {
				ALWAYS_SEARCH_USER_PATHS = NO;
				CLANG_ANALYZER_NONNULL = YES;
				CLANG_ANALYZER_NUMBER_OBJECT_CONVERSION = YES_AGGRESSIVE;
				CLANG_CXX_LANGUAGE_STANDARD = "gnu++14";
				CLANG_CXX_LIBRARY = "libc++";
				CLANG_ENABLE_MODULES = YES;
				CLANG_ENABLE_OBJC_ARC = YES;
				CLANG_ENABLE_OBJC_WEAK = YES;
				CLANG_WARN_BLOCK_CAPTURE_AUTORELEASING = YES;
				CLANG_WARN_BOOL_CONVERSION = YES;
				CLANG_WARN_COMMA = YES;
				CLANG_WARN_CONSTANT_CONVERSION = YES;
				CLANG_WARN_DEPRECATED_OBJC_IMPLEMENTATIONS = YES;
				CLANG_WARN_DIRECT_OBJC_ISA_USAGE = YES_ERROR;
				CLANG_WARN_DOCUMENTATION_COMMENTS = YES;
				CLANG_WARN_EMPTY_BODY = YES;
				CLANG_WARN_ENUM_CONVERSION = YES;
				CLANG_WARN_INFINITE_RECURSION = YES;
				CLANG_WARN_INT_CONVERSION = YES;
				CLANG_WARN_NON_LITERAL_NULL_CONVERSION = YES;
				CLANG_WARN_OBJC_IMPLICIT_RETAIN_SELF = YES;
				CLANG_WARN_OBJC_LITERAL_CONVERSION = YES;
				CLANG_WARN_OBJC_ROOT_CLASS = YES_ERROR;
				CLANG_WARN_RANGE_LOOP_ANALYSIS = YES;
				CLANG_WARN_STRICT_PROTOTYPES = YES;
				CLANG_WARN_SUSPICIOUS_MOVE = YES;
				CLANG_WARN_UNGUARDED_AVAILABILITY = YES_AGGRESSIVE;
				CLANG_WARN_UNREACHABLE_CODE = YES;
				CLANG_WARN__DUPLICATE_METHOD_MATCH = YES;
				COPY_PHASE_STRIP = NO;
				DEBUG_INFORMATION_FORMAT = "dwarf-with-dsym";
				ENABLE_NS_ASSERTIONS = NO;
				ENABLE_STRICT_OBJC_MSGSEND = YES;
				GCC_C_LANGUAGE_STANDARD = gnu11;
				GCC_NO_COMMON_BLOCKS = YES;
				GCC_WARN_64_TO_32_BIT_CONVERSION = YES;
				GCC_WARN_ABOUT_RETURN_TYPE = YES_ERROR;
				GCC_WARN_UNDECLARED_SELECTOR = YES;
				GCC_WARN_UNINITIALIZED_AUTOS = YES_AGGRESSIVE;
				GCC_WARN_UNUSED_FUNCTION = YES;
				GCC_WARN_UNUSED_VARIABLE = YES;
				IPHONEOS_DEPLOYMENT_TARGET = 13.2;
				MTL_ENABLE_DEBUG_INFO = NO;
				MTL_FAST_MATH = YES;
				SDKROOT = iphoneos;
				SWIFT_COMPILATION_MODE = wholemodule;
				SWIFT_OPTIMIZATION_LEVEL = "-O";
				VALIDATE_PRODUCT = YES;
			};
			name = Release;
		};
		7CC2EB00241E189F009B7B49 /* Debug */ = {
			isa = XCBuildConfiguration;
			buildSettings = {
				ASSETCATALOG_COMPILER_APPICON_NAME = AppIcon;
				CODE_SIGN_STYLE = Automatic;
				DEVELOPMENT_ASSET_PATHS = "\"ApolloMobile/Preview Content\"";
				ENABLE_PREVIEWS = YES;
				INFOPLIST_FILE = ApolloMobile/Info.plist;
				LD_RUNPATH_SEARCH_PATHS = (
					"$(inherited)",
					"@executable_path/Frameworks",
				);
				PRODUCT_BUNDLE_IDENTIFIER = neo.work.ApolloMobile;
				PRODUCT_NAME = "$(TARGET_NAME)";
				SWIFT_VERSION = 5.0;
				TARGETED_DEVICE_FAMILY = "1,2";
			};
			name = Debug;
		};
		7CC2EB01241E189F009B7B49 /* Release */ = {
			isa = XCBuildConfiguration;
			buildSettings = {
				ASSETCATALOG_COMPILER_APPICON_NAME = AppIcon;
				CODE_SIGN_STYLE = Automatic;
				DEVELOPMENT_ASSET_PATHS = "\"ApolloMobile/Preview Content\"";
				ENABLE_PREVIEWS = YES;
				INFOPLIST_FILE = ApolloMobile/Info.plist;
				LD_RUNPATH_SEARCH_PATHS = (
					"$(inherited)",
					"@executable_path/Frameworks",
				);
				PRODUCT_BUNDLE_IDENTIFIER = neo.work.ApolloMobile;
				PRODUCT_NAME = "$(TARGET_NAME)";
				SWIFT_VERSION = 5.0;
				TARGETED_DEVICE_FAMILY = "1,2";
			};
			name = Release;
		};
		7CC2EB03241E189F009B7B49 /* Debug */ = {
			isa = XCBuildConfiguration;
			buildSettings = {
				ALWAYS_EMBED_SWIFT_STANDARD_LIBRARIES = YES;
				BUNDLE_LOADER = "$(TEST_HOST)";
				CODE_SIGN_STYLE = Automatic;
				INFOPLIST_FILE = ApolloMobileTests/Info.plist;
				IPHONEOS_DEPLOYMENT_TARGET = 13.2;
				LD_RUNPATH_SEARCH_PATHS = (
					"$(inherited)",
					"@executable_path/Frameworks",
					"@loader_path/Frameworks",
				);
				PRODUCT_BUNDLE_IDENTIFIER = neo.work.ApolloMobileTests;
				PRODUCT_NAME = "$(TARGET_NAME)";
				SWIFT_VERSION = 5.0;
				TARGETED_DEVICE_FAMILY = "1,2";
				TEST_HOST = "$(BUILT_PRODUCTS_DIR)/ApolloMobile.app/ApolloMobile";
			};
			name = Debug;
		};
		7CC2EB04241E189F009B7B49 /* Release */ = {
			isa = XCBuildConfiguration;
			buildSettings = {
				ALWAYS_EMBED_SWIFT_STANDARD_LIBRARIES = YES;
				BUNDLE_LOADER = "$(TEST_HOST)";
				CODE_SIGN_STYLE = Automatic;
				INFOPLIST_FILE = ApolloMobileTests/Info.plist;
				IPHONEOS_DEPLOYMENT_TARGET = 13.2;
				LD_RUNPATH_SEARCH_PATHS = (
					"$(inherited)",
					"@executable_path/Frameworks",
					"@loader_path/Frameworks",
				);
				PRODUCT_BUNDLE_IDENTIFIER = neo.work.ApolloMobileTests;
				PRODUCT_NAME = "$(TARGET_NAME)";
				SWIFT_VERSION = 5.0;
				TARGETED_DEVICE_FAMILY = "1,2";
				TEST_HOST = "$(BUILT_PRODUCTS_DIR)/ApolloMobile.app/ApolloMobile";
			};
			name = Release;
		};
		7CC2EB06241E189F009B7B49 /* Debug */ = {
			isa = XCBuildConfiguration;
			buildSettings = {
				ALWAYS_EMBED_SWIFT_STANDARD_LIBRARIES = YES;
				CODE_SIGN_STYLE = Automatic;
				INFOPLIST_FILE = ApolloMobileUITests/Info.plist;
				LD_RUNPATH_SEARCH_PATHS = (
					"$(inherited)",
					"@executable_path/Frameworks",
					"@loader_path/Frameworks",
				);
				PRODUCT_BUNDLE_IDENTIFIER = neo.work.ApolloMobileUITests;
				PRODUCT_NAME = "$(TARGET_NAME)";
				SWIFT_VERSION = 5.0;
				TARGETED_DEVICE_FAMILY = "1,2";
				TEST_TARGET_NAME = ApolloMobile;
			};
			name = Debug;
		};
		7CC2EB07241E189F009B7B49 /* Release */ = {
			isa = XCBuildConfiguration;
			buildSettings = {
				ALWAYS_EMBED_SWIFT_STANDARD_LIBRARIES = YES;
				CODE_SIGN_STYLE = Automatic;
				INFOPLIST_FILE = ApolloMobileUITests/Info.plist;
				LD_RUNPATH_SEARCH_PATHS = (
					"$(inherited)",
					"@executable_path/Frameworks",
					"@loader_path/Frameworks",
				);
				PRODUCT_BUNDLE_IDENTIFIER = neo.work.ApolloMobileUITests;
				PRODUCT_NAME = "$(TARGET_NAME)";
				SWIFT_VERSION = 5.0;
				TARGETED_DEVICE_FAMILY = "1,2";
				TEST_TARGET_NAME = ApolloMobile;
			};
			name = Release;
		};
/* End XCBuildConfiguration section */

/* Begin XCConfigurationList section */
		7CC2EAD0241E189D009B7B49 /* Build configuration list for PBXProject "ApolloMobile" */ = {
			isa = XCConfigurationList;
			buildConfigurations = (
				7CC2EAFD241E189F009B7B49 /* Debug */,
				7CC2EAFE241E189F009B7B49 /* Release */,
			);
			defaultConfigurationIsVisible = 0;
			defaultConfigurationName = Release;
		};
		7CC2EAFF241E189F009B7B49 /* Build configuration list for PBXNativeTarget "ApolloMobile" */ = {
			isa = XCConfigurationList;
			buildConfigurations = (
				7CC2EB00241E189F009B7B49 /* Debug */,
				7CC2EB01241E189F009B7B49 /* Release */,
			);
			defaultConfigurationIsVisible = 0;
			defaultConfigurationName = Release;
		};
		7CC2EB02241E189F009B7B49 /* Build configuration list for PBXNativeTarget "ApolloMobileTests" */ = {
			isa = XCConfigurationList;
			buildConfigurations = (
				7CC2EB03241E189F009B7B49 /* Debug */,
				7CC2EB04241E189F009B7B49 /* Release */,
			);
			defaultConfigurationIsVisible = 0;
			defaultConfigurationName = Release;
		};
		7CC2EB05241E189F009B7B49 /* Build configuration list for PBXNativeTarget "ApolloMobileUITests" */ = {
			isa = XCConfigurationList;
			buildConfigurations = (
				7CC2EB06241E189F009B7B49 /* Debug */,
				7CC2EB07241E189F009B7B49 /* Release */,
			);
			defaultConfigurationIsVisible = 0;
			defaultConfigurationName = Release;
		};
/* End XCConfigurationList section */
	};
	rootObject = 7CC2EACD241E189D009B7B49 /* Project object */;
}
